// !$*UTF8*$!
{
	archiveVersion = 1;
	classes = {
	};
	objectVersion = 46;
	objects = {

/* Begin PBXBuildFile section */
		0D91D46819DD06D2007F5099 /* AppDelegate.swift in Sources */ = {isa = PBXBuildFile; fileRef = 0D91D46719DD06D2007F5099 /* AppDelegate.swift */; };
		0D91D46A19DD06D2007F5099 /* ViewController.swift in Sources */ = {isa = PBXBuildFile; fileRef = 0D91D46919DD06D2007F5099 /* ViewController.swift */; };
		0D91D46D19DD06D2007F5099 /* Main.storyboard in Resources */ = {isa = PBXBuildFile; fileRef = 0D91D46B19DD06D2007F5099 /* Main.storyboard */; };
		0D91D46F19DD06D2007F5099 /* Images.xcassets in Resources */ = {isa = PBXBuildFile; fileRef = 0D91D46E19DD06D2007F5099 /* Images.xcassets */; };
		0D91D47219DD06D2007F5099 /* LaunchScreen.xib in Resources */ = {isa = PBXBuildFile; fileRef = 0D91D47019DD06D2007F5099 /* LaunchScreen.xib */; };
		0D91D47E19DD06D2007F5099 /* the_tigerTests.swift in Sources */ = {isa = PBXBuildFile; fileRef = 0D91D47D19DD06D2007F5099 /* the_tigerTests.swift */; };
		0D91D48919DD0DBE007F5099 /* Tiger.swift in Sources */ = {isa = PBXBuildFile; fileRef = 0D91D48819DD0DBE007F5099 /* Tiger.swift */; };
		0D91D49319DD142C007F5099 /* BengalTiger.jpg in Resources */ = {isa = PBXBuildFile; fileRef = 0D91D48B19DD142C007F5099 /* BengalTiger.jpg */; };
		0D91D49419DD142C007F5099 /* IndochineseTiger.jpg in Resources */ = {isa = PBXBuildFile; fileRef = 0D91D48C19DD142C007F5099 /* IndochineseTiger.jpg */; };
		0D91D49519DD142C007F5099 /* Lion.jpg in Resources */ = {isa = PBXBuildFile; fileRef = 0D91D48D19DD142C007F5099 /* Lion.jpg */; };
		0D91D49619DD142C007F5099 /* LionCub1.jpg in Resources */ = {isa = PBXBuildFile; fileRef = 0D91D48E19DD142C007F5099 /* LionCub1.jpg */; };
		0D91D49719DD142C007F5099 /* LionCub2.jpeg in Resources */ = {isa = PBXBuildFile; fileRef = 0D91D48F19DD142C007F5099 /* LionCub2.jpeg */; };
		0D91D49819DD142C007F5099 /* Lioness.jpeg in Resources */ = {isa = PBXBuildFile; fileRef = 0D91D49019DD142C007F5099 /* Lioness.jpeg */; };
		0D91D49919DD142C007F5099 /* MalayanTiger.jpg in Resources */ = {isa = PBXBuildFile; fileRef = 0D91D49119DD142C007F5099 /* MalayanTiger.jpg */; };
		0D91D49A19DD142C007F5099 /* SiberianTiger.jpg in Resources */ = {isa = PBXBuildFile; fileRef = 0D91D49219DD142C007F5099 /* SiberianTiger.jpg */; };
/* End PBXBuildFile section */

/* Begin PBXContainerItemProxy section */
		0D91D47819DD06D2007F5099 /* PBXContainerItemProxy */ = {
			isa = PBXContainerItemProxy;
			containerPortal = 0D91D45A19DD06D2007F5099 /* Project object */;
			proxyType = 1;
			remoteGlobalIDString = 0D91D46119DD06D2007F5099;
			remoteInfo = "the tiger";
		};
/* End PBXContainerItemProxy section */

/* Begin PBXFileReference section */
		0D91D46219DD06D2007F5099 /* the tiger.app */ = {isa = PBXFileReference; explicitFileType = wrapper.application; includeInIndex = 0; path = "the tiger.app"; sourceTree = BUILT_PRODUCTS_DIR; };
		0D91D46619DD06D2007F5099 /* Info.plist */ = {isa = PBXFileReference; lastKnownFileType = text.plist.xml; path = Info.plist; sourceTree = "<group>"; };
		0D91D46719DD06D2007F5099 /* AppDelegate.swift */ = {isa = PBXFileReference; lastKnownFileType = sourcecode.swift; path = AppDelegate.swift; sourceTree = "<group>"; };
		0D91D46919DD06D2007F5099 /* ViewController.swift */ = {isa = PBXFileReference; lastKnownFileType = sourcecode.swift; path = ViewController.swift; sourceTree = "<group>"; };
		0D91D46C19DD06D2007F5099 /* Base */ = {isa = PBXFileReference; lastKnownFileType = file.storyboard; name = Base; path = Base.lproj/Main.storyboard; sourceTree = "<group>"; };
		0D91D46E19DD06D2007F5099 /* Images.xcassets */ = {isa = PBXFileReference; lastKnownFileType = folder.assetcatalog; path = Images.xcassets; sourceTree = "<group>"; };
		0D91D47119DD06D2007F5099 /* Base */ = {isa = PBXFileReference; lastKnownFileType = file.xib; name = Base; path = Base.lproj/LaunchScreen.xib; sourceTree = "<group>"; };
		0D91D47719DD06D2007F5099 /* the tigerTests.xctest */ = {isa = PBXFileReference; explicitFileType = wrapper.cfbundle; includeInIndex = 0; path = "the tigerTests.xctest"; sourceTree = BUILT_PRODUCTS_DIR; };
		0D91D47C19DD06D2007F5099 /* Info.plist */ = {isa = PBXFileReference; lastKnownFileType = text.plist.xml; path = Info.plist; sourceTree = "<group>"; };
		0D91D47D19DD06D2007F5099 /* the_tigerTests.swift */ = {isa = PBXFileReference; lastKnownFileType = sourcecode.swift; path = the_tigerTests.swift; sourceTree = "<group>"; };
		0D91D48819DD0DBE007F5099 /* Tiger.swift */ = {isa = PBXFileReference; fileEncoding = 4; lastKnownFileType = sourcecode.swift; path = Tiger.swift; sourceTree = "<group>"; };
		0D91D48B19DD142C007F5099 /* BengalTiger.jpg */ = {isa = PBXFileReference; lastKnownFileType = image.jpeg; path = BengalTiger.jpg; sourceTree = "<group>"; };
		0D91D48C19DD142C007F5099 /* IndochineseTiger.jpg */ = {isa = PBXFileReference; lastKnownFileType = image.jpeg; path = IndochineseTiger.jpg; sourceTree = "<group>"; };
		0D91D48D19DD142C007F5099 /* Lion.jpg */ = {isa = PBXFileReference; lastKnownFileType = image.jpeg; path = Lion.jpg; sourceTree = "<group>"; };
		0D91D48E19DD142C007F5099 /* LionCub1.jpg */ = {isa = PBXFileReference; lastKnownFileType = image.jpeg; path = LionCub1.jpg; sourceTree = "<group>"; };
		0D91D48F19DD142C007F5099 /* LionCub2.jpeg */ = {isa = PBXFileReference; lastKnownFileType = image.jpeg; path = LionCub2.jpeg; sourceTree = "<group>"; };
		0D91D49019DD142C007F5099 /* Lioness.jpeg */ = {isa = PBXFileReference; lastKnownFileType = image.jpeg; path = Lioness.jpeg; sourceTree = "<group>"; };
		0D91D49119DD142C007F5099 /* MalayanTiger.jpg */ = {isa = PBXFileReference; lastKnownFileType = image.jpeg; path = MalayanTiger.jpg; sourceTree = "<group>"; };
		0D91D49219DD142C007F5099 /* SiberianTiger.jpg */ = {isa = PBXFileReference; lastKnownFileType = image.jpeg; path = SiberianTiger.jpg; sourceTree = "<group>"; };
/* End PBXFileReference section */

/* Begin PBXFrameworksBuildPhase section */
		0D91D45F19DD06D2007F5099 /* Frameworks */ = {
			isa = PBXFrameworksBuildPhase;
			buildActionMask = 2147483647;
			files = (
			);
			runOnlyForDeploymentPostprocessing = 0;
		};
		0D91D47419DD06D2007F5099 /* Frameworks */ = {
			isa = PBXFrameworksBuildPhase;
			buildActionMask = 2147483647;
			files = (
			);
			runOnlyForDeploymentPostprocessing = 0;
		};
/* End PBXFrameworksBuildPhase section */

/* Begin PBXGroup section */
		0D91D45919DD06D2007F5099 = {
			isa = PBXGroup;
			children = (
				0D91D46419DD06D2007F5099 /* the tiger */,
				0D91D47A19DD06D2007F5099 /* the tigerTests */,
				0D91D46319DD06D2007F5099 /* Products */,
			);
			sourceTree = "<group>";
		};
		0D91D46319DD06D2007F5099 /* Products */ = {
			isa = PBXGroup;
			children = (
				0D91D46219DD06D2007F5099 /* the tiger.app */,
				0D91D47719DD06D2007F5099 /* the tigerTests.xctest */,
			);
			name = Products;
			sourceTree = "<group>";
		};
		0D91D46419DD06D2007F5099 /* the tiger */ = {
			isa = PBXGroup;
			children = (
				0D91D46719DD06D2007F5099 /* AppDelegate.swift */,
				0D91D46919DD06D2007F5099 /* ViewController.swift */,
				0D91D48719DD0D5C007F5099 /* Models */,
				0D91D46B19DD06D2007F5099 /* Main.storyboard */,
				0D91D46E19DD06D2007F5099 /* Images.xcassets */,
				0D91D47019DD06D2007F5099 /* LaunchScreen.xib */,
				0D91D46519DD06D2007F5099 /* Supporting Files */,
			);
			path = "the tiger";
			sourceTree = "<group>";
		};
		0D91D46519DD06D2007F5099 /* Supporting Files */ = {
			isa = PBXGroup;
			children = (
				0D91D48A19DD142C007F5099 /* LionsAndTigersAssets */,
				0D91D46619DD06D2007F5099 /* Info.plist */,
			);
			name = "Supporting Files";
			sourceTree = "<group>";
		};
		0D91D47A19DD06D2007F5099 /* the tigerTests */ = {
			isa = PBXGroup;
			children = (
				0D91D47D19DD06D2007F5099 /* the_tigerTests.swift */,
				0D91D47B19DD06D2007F5099 /* Supporting Files */,
			);
			path = "the tigerTests";
			sourceTree = "<group>";
		};
		0D91D47B19DD06D2007F5099 /* Supporting Files */ = {
			isa = PBXGroup;
			children = (
				0D91D47C19DD06D2007F5099 /* Info.plist */,
			);
			name = "Supporting Files";
			sourceTree = "<group>";
		};
		0D91D48719DD0D5C007F5099 /* Models */ = {
			isa = PBXGroup;
			children = (
				0D91D48819DD0DBE007F5099 /* Tiger.swift */,
			);
			name = Models;
			sourceTree = "<group>";
		};
		0D91D48A19DD142C007F5099 /* LionsAndTigersAssets */ = {
			isa = PBXGroup;
			children = (
				0D91D48B19DD142C007F5099 /* BengalTiger.jpg */,
				0D91D48C19DD142C007F5099 /* IndochineseTiger.jpg */,
				0D91D48D19DD142C007F5099 /* Lion.jpg */,
				0D91D48E19DD142C007F5099 /* LionCub1.jpg */,
				0D91D48F19DD142C007F5099 /* LionCub2.jpeg */,
				0D91D49019DD142C007F5099 /* Lioness.jpeg */,
				0D91D49119DD142C007F5099 /* MalayanTiger.jpg */,
				0D91D49219DD142C007F5099 /* SiberianTiger.jpg */,
			);
			path = LionsAndTigersAssets;
			sourceTree = "<group>";
		};
/* End PBXGroup section */

/* Begin PBXNativeTarget section */
		0D91D46119DD06D2007F5099 /* the tiger */ = {
			isa = PBXNativeTarget;
			buildConfigurationList = 0D91D48119DD06D2007F5099 /* Build configuration list for PBXNativeTarget "the tiger" */;
			buildPhases = (
				0D91D45E19DD06D2007F5099 /* Sources */,
				0D91D45F19DD06D2007F5099 /* Frameworks */,
				0D91D46019DD06D2007F5099 /* Resources */,
			);
			buildRules = (
			);
			dependencies = (
			);
			name = "the tiger";
			productName = "the tiger";
			productReference = 0D91D46219DD06D2007F5099 /* the tiger.app */;
			productType = "com.apple.product-type.application";
		};
		0D91D47619DD06D2007F5099 /* the tigerTests */ = {
			isa = PBXNativeTarget;
			buildConfigurationList = 0D91D48419DD06D2007F5099 /* Build configuration list for PBXNativeTarget "the tigerTests" */;
			buildPhases = (
				0D91D47319DD06D2007F5099 /* Sources */,
				0D91D47419DD06D2007F5099 /* Frameworks */,
				0D91D47519DD06D2007F5099 /* Resources */,
			);
			buildRules = (
			);
			dependencies = (
				0D91D47919DD06D2007F5099 /* PBXTargetDependency */,
			);
			name = "the tigerTests";
			productName = "the tigerTests";
			productReference = 0D91D47719DD06D2007F5099 /* the tigerTests.xctest */;
			productType = "com.apple.product-type.bundle.unit-test";
		};
/* End PBXNativeTarget section */

/* Begin PBXProject section */
		0D91D45A19DD06D2007F5099 /* Project object */ = {
			isa = PBXProject;
			attributes = {
				LastUpgradeCheck = 0610;
				TargetAttributes = {
					0D91D46119DD06D2007F5099 = {
						CreatedOnToolsVersion = 6.1;
					};
					0D91D47619DD06D2007F5099 = {
						CreatedOnToolsVersion = 6.1;
						TestTargetID = 0D91D46119DD06D2007F5099;
					};
				};
			};
			buildConfigurationList = 0D91D45D19DD06D2007F5099 /* Build configuration list for PBXProject "the tiger" */;
			compatibilityVersion = "Xcode 3.2";
			developmentRegion = English;
			hasScannedForEncodings = 0;
			knownRegions = (
				en,
				Base,
			);
			mainGroup = 0D91D45919DD06D2007F5099;
			productRefGroup = 0D91D46319DD06D2007F5099 /* Products */;
			projectDirPath = "";
			projectRoot = "";
			targets = (
				0D91D46119DD06D2007F5099 /* the tiger */,
				0D91D47619DD06D2007F5099 /* the tigerTests */,
			);
		};
/* End PBXProject section */

/* Begin PBXResourcesBuildPhase section */
		0D91D46019DD06D2007F5099 /* Resources */ = {
			isa = PBXResourcesBuildPhase;
			buildActionMask = 2147483647;
			files = (
				0D91D49419DD142C007F5099 /* IndochineseTiger.jpg in Resources */,
				0D91D46D19DD06D2007F5099 /* Main.storyboard in Resources */,
				0D91D47219DD06D2007F5099 /* LaunchScreen.xib in Resources */,
				0D91D49819DD142C007F5099 /* Lioness.jpeg in Resources */,
				0D91D49619DD142C007F5099 /* LionCub1.jpg in Resources */,
				0D91D49919DD142C007F5099 /* MalayanTiger.jpg in Resources */,
				0D91D49A19DD142C007F5099 /* SiberianTiger.jpg in Resources */,
				0D91D49319DD142C007F5099 /* BengalTiger.jpg in Resources */,
				0D91D46F19DD06D2007F5099 /* Images.xcassets in Resources */,
				0D91D49519DD142C007F5099 /* Lion.jpg in Resources */,
				0D91D49719DD142C007F5099 /* LionCub2.jpeg in Resources */,
			);
			runOnlyForDeploymentPostprocessing = 0;
		};
		0D91D47519DD06D2007F5099 /* Resources */ = {
			isa = PBXResourcesBuildPhase;
			buildActionMask = 2147483647;
			files = (
			);
			runOnlyForDeploymentPostprocessing = 0;
		};
/* End PBXResourcesBuildPhase section */

/* Begin PBXSourcesBuildPhase section */
		0D91D45E19DD06D2007F5099 /* Sources */ = {
			isa = PBXSourcesBuildPhase;
			buildActionMask = 2147483647;
			files = (
				0D91D46A19DD06D2007F5099 /* ViewController.swift in Sources */,
				0D91D48919DD0DBE007F5099 /* Tiger.swift in Sources */,
				0D91D46819DD06D2007F5099 /* AppDelegate.swift in Sources */,
			);
			runOnlyForDeploymentPostprocessing = 0;
		};
		0D91D47319DD06D2007F5099 /* Sources */ = {
			isa = PBXSourcesBuildPhase;
			buildActionMask = 2147483647;
			files = (
				0D91D47E19DD06D2007F5099 /* the_tigerTests.swift in Sources */,
			);
			runOnlyForDeploymentPostprocessing = 0;
		};
/* End PBXSourcesBuildPhase section */

/* Begin PBXTargetDependency section */
		0D91D47919DD06D2007F5099 /* PBXTargetDependency */ = {
			isa = PBXTargetDependency;
			target = 0D91D46119DD06D2007F5099 /* the tiger */;
			targetProxy = 0D91D47819DD06D2007F5099 /* PBXContainerItemProxy */;
		};
/* End PBXTargetDependency section */

/* Begin PBXVariantGroup section */
		0D91D46B19DD06D2007F5099 /* Main.storyboard */ = {
			isa = PBXVariantGroup;
			children = (
				0D91D46C19DD06D2007F5099 /* Base */,
			);
			name = Main.storyboard;
			sourceTree = "<group>";
		};
		0D91D47019DD06D2007F5099 /* LaunchScreen.xib */ = {
			isa = PBXVariantGroup;
			children = (
				0D91D47119DD06D2007F5099 /* Base */,
			);
			name = LaunchScreen.xib;
			sourceTree = "<group>";
		};
/* End PBXVariantGroup section */

/* Begin XCBuildConfiguration section */
		0D91D47F19DD06D2007F5099 /* Debug */ = {
			isa = XCBuildConfiguration;
			buildSettings = {
				ALWAYS_SEARCH_USER_PATHS = NO;
				CLANG_CXX_LANGUAGE_STANDARD = "gnu++0x";
				CLANG_CXX_LIBRARY = "libc++";
				CLANG_ENABLE_MODULES = YES;
				CLANG_ENABLE_OBJC_ARC = YES;
				CLANG_WARN_BOOL_CONVERSION = YES;
				CLANG_WARN_CONSTANT_CONVERSION = YES;
				CLANG_WARN_DIRECT_OBJC_ISA_USAGE = YES_ERROR;
				CLANG_WARN_EMPTY_BODY = YES;
				CLANG_WARN_ENUM_CONVERSION = YES;
				CLANG_WARN_INT_CONVERSION = YES;
				CLANG_WARN_OBJC_ROOT_CLASS = YES_ERROR;
				CLANG_WARN_UNREACHABLE_CODE = YES;
				CLANG_WARN__DUPLICATE_METHOD_MATCH = YES;
				"CODE_SIGN_IDENTITY[sdk=iphoneos*]" = "iPhone Developer";
				COPY_PHASE_STRIP = NO;
				ENABLE_STRICT_OBJC_MSGSEND = YES;
				GCC_C_LANGUAGE_STANDARD = gnu99;
				GCC_DYNAMIC_NO_PIC = NO;
				GCC_OPTIMIZATION_LEVEL = 0;
				GCC_PREPROCESSOR_DEFINITIONS = (
					"DEBUG=1",
					"$(inherited)",
				);
				GCC_SYMBOLS_PRIVATE_EXTERN = NO;
				GCC_WARN_64_TO_32_BIT_CONVERSION = YES;
				GCC_WARN_ABOUT_RETURN_TYPE = YES_ERROR;
				GCC_WARN_UNDECLARED_SELECTOR = YES;
				GCC_WARN_UNINITIALIZED_AUTOS = YES_AGGRESSIVE;
				GCC_WARN_UNUSED_FUNCTION = YES;
				GCC_WARN_UNUSED_VARIABLE = YES;
				IPHONEOS_DEPLOYMENT_TARGET = 8.1;
				MTL_ENABLE_DEBUG_INFO = YES;
				ONLY_ACTIVE_ARCH = YES;
				SDKROOT = iphoneos;
				SWIFT_OPTIMIZATION_LEVEL = "-Onone";
			};
			name = Debug;
		};
		0D91D48019DD06D2007F5099 /* Release */ = {
			isa = XCBuildConfiguration;
			buildSettings = {
				ALWAYS_SEARCH_USER_PATHS = NO;
				CLANG_CXX_LANGUAGE_STANDARD = "gnu++0x";
				CLANG_CXX_LIBRARY = "libc++";
				CLANG_ENABLE_MODULES = YES;
				CLANG_ENABLE_OBJC_ARC = YES;
				CLANG_WARN_BOOL_CONVERSION = YES;
				CLANG_WARN_CONSTANT_CONVERSION = YES;
				CLANG_WARN_DIRECT_OBJC_ISA_USAGE = YES_ERROR;
				CLANG_WARN_EMPTY_BODY = YES;
				CLANG_WARN_ENUM_CONVERSION = YES;
				CLANG_WARN_INT_CONVERSION = YES;
				CLANG_WARN_OBJC_ROOT_CLASS = YES_ERROR;
				CLANG_WARN_UNREACHABLE_CODE = YES;
				CLANG_WARN__DUPLICATE_METHOD_MATCH = YES;
				"CODE_SIGN_IDENTITY[sdk=iphoneos*]" = "iPhone Developer";
				COPY_PHASE_STRIP = YES;
				ENABLE_NS_ASSERTIONS = NO;
				ENABLE_STRICT_OBJC_MSGSEND = YES;
				GCC_C_LANGUAGE_STANDARD = gnu99;
				GCC_WARN_64_TO_32_BIT_CONVERSION = YES;
				GCC_WARN_ABOUT_RETURN_TYPE = YES_ERROR;
				GCC_WARN_UNDECLARED_SELECTOR = YES;
				GCC_WARN_UNINITIALIZED_AUTOS = YES_AGGRESSIVE;
				GCC_WARN_UNUSED_FUNCTION = YES;
				GCC_WARN_UNUSED_VARIABLE = YES;
				IPHONEOS_DEPLOYMENT_TARGET = 8.1;
				MTL_ENABLE_DEBUG_INFO = NO;
				SDKROOT = iphoneos;
				VALIDATE_PRODUCT = YES;
			};
			name = Release;
		};
		0D91D48219DD06D2007F5099 /* Debug */ = {
			isa = XCBuildConfiguration;
			buildSettings = {
				ASSETCATALOG_COMPILER_APPICON_NAME = AppIcon;
				INFOPLIST_FILE = "the tiger/Info.plist";
				LD_RUNPATH_SEARCH_PATHS = "$(inherited) @executable_path/Frameworks";
				PRODUCT_NAME = "$(TARGET_NAME)";
			};
			name = Debug;
		};
		0D91D48319DD06D2007F5099 /* Release */ = {
			isa = XCBuildConfiguration;
			buildSettings = {
				ASSETCATALOG_COMPILER_APPICON_NAME = AppIcon;
				INFOPLIST_FILE = "the tiger/Info.plist";
				LD_RUNPATH_SEARCH_PATHS = "$(inherited) @executable_path/Frameworks";
				PRODUCT_NAME = "$(TARGET_NAME)";
			};
			name = Release;
		};
		0D91D48519DD06D2007F5099 /* Debug */ = {
			isa = XCBuildConfiguration;
			buildSettings = {
				BUNDLE_LOADER = "$(TEST_HOST)";
				FRAMEWORK_SEARCH_PATHS = (
					"$(SDKROOT)/Developer/Library/Frameworks",
					"$(inherited)",
				);
				GCC_PREPROCESSOR_DEFINITIONS = (
					"DEBUG=1",
					"$(inherited)",
				);
				INFOPLIST_FILE = "the tigerTests/Info.plist";
				LD_RUNPATH_SEARCH_PATHS = "$(inherited) @executable_path/Frameworks @loader_path/Frameworks";
				PRODUCT_NAME = "$(TARGET_NAME)";
				TEST_HOST = "$(BUILT_PRODUCTS_DIR)/the tiger.app/the tiger";
			};
			name = Debug;
		};
		0D91D48619DD06D2007F5099 /* Release */ = {
			isa = XCBuildConfiguration;
			buildSettings = {
				BUNDLE_LOADER = "$(TEST_HOST)";
				FRAMEWORK_SEARCH_PATHS = (
					"$(SDKROOT)/Developer/Library/Frameworks",
					"$(inherited)",
				);
				INFOPLIST_FILE = "the tigerTests/Info.plist";
				LD_RUNPATH_SEARCH_PATHS = "$(inherited) @executable_path/Frameworks @loader_path/Frameworks";
				PRODUCT_NAME = "$(TARGET_NAME)";
				TEST_HOST = "$(BUILT_PRODUCTS_DIR)/the tiger.app/the tiger";
			};
			name = Release;
		};
/* End XCBuildConfiguration section */

/* Begin XCConfigurationList section */
		0D91D45D19DD06D2007F5099 /* Build configuration list for PBXProject "the tiger" */ = {
			isa = XCConfigurationList;
			buildConfigurations = (
				0D91D47F19DD06D2007F5099 /* Debug */,
				0D91D48019DD06D2007F5099 /* Release */,
			);
			defaultConfigurationIsVisible = 0;
			defaultConfigurationName = Release;
		};
		0D91D48119DD06D2007F5099 /* Build configuration list for PBXNativeTarget "the tiger" */ = {
			isa = XCConfigurationList;
			buildConfigurations = (
				0D91D48219DD06D2007F5099 /* Debug */,
				0D91D48319DD06D2007F5099 /* Release */,
			);
			defaultConfigurationIsVisible = 0;
		};
		0D91D48419DD06D2007F5099 /* Build configuration list for PBXNativeTarget "the tigerTests" */ = {
			isa = XCConfigurationList;
			buildConfigurations = (
				0D91D48519DD06D2007F5099 /* Debug */,
				0D91D48619DD06D2007F5099 /* Release */,
			);
			defaultConfigurationIsVisible = 0;
		};
/* End XCConfigurationList section */
	};
	rootObject = 0D91D45A19DD06D2007F5099 /* Project object */;
}
